PODS:
  - MBProgressHUD (0.9.2)
  - XMLDictionary (1.4)

DEPENDENCIES:
  - MBProgressHUD
  - XMLDictionary (= 1.4)

SPEC CHECKSUMS:
  MBProgressHUD: 1569cf7ace17a8bac47aabfbb8580a49690386d1
  XMLDictionary: f9f51601ba76678b594ab485f2b00ec1fed23724

PODFILE CHECKSUM: e234da74206a8fe19e87dbc13e53341fe5ba1d5f

COCOAPODS: 1.2.0
